
Microsoft Visual Studio Solution File, Format Version 12.00
# Visual Studio Version 17
VisualStudioVersion = 17.8.34330.188
MinimumVisualStudioVersion = 10.0.40219.1
Project("{2150E333-8FDC-42A3-9474-1A3956D46DE8}") = "FrontEnd", "FrontEnd", "{E0072DCE-71BD-4BDF-B5EC-51398C64F44F}"
EndProject
Project("{2150E333-8FDC-42A3-9474-1A3956D46DE8}") = "Gateway", "Gateway", "{C4887839-162B-4A14-96D4-28A5A9288FB8}"
EndProject
Project("{2150E333-8FDC-42A3-9474-1A3956D46DE8}") = "Integration", "Integration", "{20595462-D1CA-4357-A5EA-8C0DF5CE7775}"
EndProject
Project("{2150E333-8FDC-42A3-9474-1A3956D46DE8}") = "Services", "Services", "{DE6704E3-B079-4EB6-9783-CB6BFF7AEE35}"
EndProject
Project("{9A19103F-16F7-4668-BE54-9A1E7A4F7556}") = "Banomart.Services.CouponAPI", "Banomart.Services.CouponAPI\Banomart.Services.CouponAPI.csproj", "{E4487FAA-A79D-4F3C-98A1-0F7FE218AF2B}"
EndProject
Project("{54A90642-561A-4BB1-A94E-469ADEE60C69}") = "bano-mart-react", "bano-mart-react\bano-mart-react.esproj", "{49E6FBDD-C857-464A-8D77-3F0846EF6384}"
EndProject
Project("{9A19103F-16F7-4668-BE54-9A1E7A4F7556}") = "bano-mart-mvc", "bano-mart-mvc\bano-mart-mvc.csproj", "{B7CE8927-075F-4643-B8C9-443F540A439E}"
EndProject
Project("{9A19103F-16F7-4668-BE54-9A1E7A4F7556}") = "Banomart.Services.AuthAPI", "Banomart.Services.AuthAPI\Banomart.Services.AuthAPI.csproj", "{13D8647B-882E-4207-ABAA-FA102DD677FD}"
EndProject
Project("{9A19103F-16F7-4668-BE54-9A1E7A4F7556}") = "Banomart.Services.ProductAPI", "Banomart.Services.ProductAPI\Banomart.Services.ProductAPI.csproj", "{E75FAC3B-0A16-4436-A7BB-25C8B0399314}"
EndProject
Project("{9A19103F-16F7-4668-BE54-9A1E7A4F7556}") = "Banomart.Services.ShoppingCartAPI", "Banomart.Services.ShoppingCartAPI\Banomart.Services.ShoppingCartAPI.csproj", "{F88B9ADF-93EF-49D1-B111-65E7D2B24796}"
EndProject
Project("{9A19103F-16F7-4668-BE54-9A1E7A4F7556}") = "BanoMart.MessageBus", "BanoMart.MessageBus\BanoMart.MessageBus.csproj", "{92203473-7F96-4277-844B-ECBF43AA6075}"
EndProject
Project("{FAE04EC0-301F-11D3-BF4B-00C04F79EFBC}") = "Banomart.Services.EmailAPI", "Banomart.Services.EmailAPI\Banomart.Services.EmailAPI.csproj", "{FBC1B589-F80B-4375-8CD6-6327381280A9}"
EndProject
Global
	GlobalSection(SolutionConfigurationPlatforms) = preSolution
		Debug|Any CPU = Debug|Any CPU
		Release|Any CPU = Release|Any CPU
	EndGlobalSection
	GlobalSection(ProjectConfigurationPlatforms) = postSolution
		{E4487FAA-A79D-4F3C-98A1-0F7FE218AF2B}.Debug|Any CPU.ActiveCfg = Debug|Any CPU
		{E4487FAA-A79D-4F3C-98A1-0F7FE218AF2B}.Debug|Any CPU.Build.0 = Debug|Any CPU
		{E4487FAA-A79D-4F3C-98A1-0F7FE218AF2B}.Release|Any CPU.ActiveCfg = Release|Any CPU
		{E4487FAA-A79D-4F3C-98A1-0F7FE218AF2B}.Release|Any CPU.Build.0 = Release|Any CPU
		{49E6FBDD-C857-464A-8D77-3F0846EF6384}.Debug|Any CPU.ActiveCfg = Debug|Any CPU
		{49E6FBDD-C857-464A-8D77-3F0846EF6384}.Debug|Any CPU.Build.0 = Debug|Any CPU
		{49E6FBDD-C857-464A-8D77-3F0846EF6384}.Debug|Any CPU.Deploy.0 = Debug|Any CPU
		{49E6FBDD-C857-464A-8D77-3F0846EF6384}.Release|Any CPU.ActiveCfg = Release|Any CPU
		{49E6FBDD-C857-464A-8D77-3F0846EF6384}.Release|Any CPU.Build.0 = Release|Any CPU
		{49E6FBDD-C857-464A-8D77-3F0846EF6384}.Release|Any CPU.Deploy.0 = Release|Any CPU
		{B7CE8927-075F-4643-B8C9-443F540A439E}.Debug|Any CPU.ActiveCfg = Debug|Any CPU
		{B7CE8927-075F-4643-B8C9-443F540A439E}.Debug|Any CPU.Build.0 = Debug|Any CPU
		{B7CE8927-075F-4643-B8C9-443F540A439E}.Release|Any CPU.ActiveCfg = Release|Any CPU
		{B7CE8927-075F-4643-B8C9-443F540A439E}.Release|Any CPU.Build.0 = Release|Any CPU
		{13D8647B-882E-4207-ABAA-FA102DD677FD}.Debug|Any CPU.ActiveCfg = Debug|Any CPU
		{13D8647B-882E-4207-ABAA-FA102DD677FD}.Debug|Any CPU.Build.0 = Debug|Any CPU
		{13D8647B-882E-4207-ABAA-FA102DD677FD}.Release|Any CPU.ActiveCfg = Release|Any CPU
		{13D8647B-882E-4207-ABAA-FA102DD677FD}.Release|Any CPU.Build.0 = Release|Any CPU
		{E75FAC3B-0A16-4436-A7BB-25C8B0399314}.Debug|Any CPU.ActiveCfg = Debug|Any CPU
		{E75FAC3B-0A16-4436-A7BB-25C8B0399314}.Debug|Any CPU.Build.0 = Debug|Any CPU
		{E75FAC3B-0A16-4436-A7BB-25C8B0399314}.Release|Any CPU.ActiveCfg = Release|Any CPU
		{E75FAC3B-0A16-4436-A7BB-25C8B0399314}.Release|Any CPU.Build.0 = Release|Any CPU
		{F88B9ADF-93EF-49D1-B111-65E7D2B24796}.Debug|Any CPU.ActiveCfg = Debug|Any CPU
		{F88B9ADF-93EF-49D1-B111-65E7D2B24796}.Debug|Any CPU.Build.0 = Debug|Any CPU
		{F88B9ADF-93EF-49D1-B111-65E7D2B24796}.Release|Any CPU.ActiveCfg = Release|Any CPU
		{F88B9ADF-93EF-49D1-B111-65E7D2B24796}.Release|Any CPU.Build.0 = Release|Any CPU
		{92203473-7F96-4277-844B-ECBF43AA6075}.Debug|Any CPU.ActiveCfg = Debug|Any CPU
		{92203473-7F96-4277-844B-ECBF43AA6075}.Debug|Any CPU.Build.0 = Debug|Any CPU
		{92203473-7F96-4277-844B-ECBF43AA6075}.Release|Any CPU.ActiveCfg = Release|Any CPU
		{92203473-7F96-4277-844B-ECBF43AA6075}.Release|Any CPU.Build.0 = Release|Any CPU
		{FBC1B589-F80B-4375-8CD6-6327381280A9}.Debug|Any CPU.ActiveCfg = Debug|Any CPU
		{FBC1B589-F80B-4375-8CD6-6327381280A9}.Debug|Any CPU.Build.0 = Debug|Any CPU
		{FBC1B589-F80B-4375-8CD6-6327381280A9}.Release|Any CPU.ActiveCfg = Release|Any CPU
		{FBC1B589-F80B-4375-8CD6-6327381280A9}.Release|Any CPU.Build.0 = Release|Any CPU
	EndGlobalSection
	GlobalSection(SolutionProperties) = preSolution
		HideSolutionNode = FALSE
	EndGlobalSection
	GlobalSection(NestedProjects) = preSolution
		{E4487FAA-A79D-4F3C-98A1-0F7FE218AF2B} = {DE6704E3-B079-4EB6-9783-CB6BFF7AEE35}
		{49E6FBDD-C857-464A-8D77-3F0846EF6384} = {E0072DCE-71BD-4BDF-B5EC-51398C64F44F}
		{B7CE8927-075F-4643-B8C9-443F540A439E} = {E0072DCE-71BD-4BDF-B5EC-51398C64F44F}
		{13D8647B-882E-4207-ABAA-FA102DD677FD} = {DE6704E3-B079-4EB6-9783-CB6BFF7AEE35}
		{E75FAC3B-0A16-4436-A7BB-25C8B0399314} = {DE6704E3-B079-4EB6-9783-CB6BFF7AEE35}
		{F88B9ADF-93EF-49D1-B111-65E7D2B24796} = {DE6704E3-B079-4EB6-9783-CB6BFF7AEE35}
		{92203473-7F96-4277-844B-ECBF43AA6075} = {20595462-D1CA-4357-A5EA-8C0DF5CE7775}
		{FBC1B589-F80B-4375-8CD6-6327381280A9} = {DE6704E3-B079-4EB6-9783-CB6BFF7AEE35}
	EndGlobalSection
	GlobalSection(ExtensibilityGlobals) = postSolution
		SolutionGuid = {1EE23458-2DD5-467A-9C3C-F258E609033C}
	EndGlobalSection
EndGlobal
